# This file is automatically @generated by Poetry 1.7.1 and should not be changed by hand.

[[package]]
name = "minimalmodbus"
version = "2.1.1"
description = "Easy-to-use Modbus RTU and Modbus ASCII implementation for Python"
optional = false
python-versions = ">=3.8"
files = [
    {file = "minimalmodbus-2.1.1-py3-none-any.whl", hash = "sha256:75c677e2f3ea901b762f8b2ab7cf8ad84de915bbea275d66e30b724e23887b1a"},
    {file = "minimalmodbus-2.1.1.tar.gz", hash = "sha256:c3f5a56e107d537e4bb420f7e735841ab2939c8ca6fb528f5fe4124571315b64"},
]

[package.dependencies]
pyserial = ">=3.0"

[[package]]
name = "pyserial"
version = "3.5"
description = "Python Serial Port Extension"
optional = false
python-versions = "*"
files = [
    {file = "pyserial-3.5-py2.py3-none-any.whl", hash = "sha256:c4451db6ba391ca6ca299fb3ec7bae67a5c55dde170964c7a14ceefec02f2cf0"},
    {file = "pyserial-3.5.tar.gz", hash = "sha256:3c77e014170dfffbd816e6ffc205e9842efb10be9f58ec16d3e8675b4925cddb"},
]

[package.extras]
cp2110 = ["hidapi"]

[[package]]
name = "renogymodbus"
version = "0.0.23"
description = ""
optional = false
python-versions = "*"
files = [
    {file = "renogymodbus-0.0.23-py3-none-any.whl", hash = "sha256:021e3672dcf6a060da42447add71206072de8a283695f350ca1ee5f0df517e46"},
    {file = "renogymodbus-0.0.23.tar.gz", hash = "sha256:ca0a9681dc3e55f82b8c8fbd166c660fb0307c2b5650710300d1f4e1a9e8b649"},
]

[package.dependencies]
minimalmodbus = "*"
retrying = "*"

[[package]]
name = "retrying"
version = "1.3.4"
description = "Retrying"
optional = false
python-versions = "*"
files = [
    {file = "retrying-1.3.4-py3-none-any.whl", hash = "sha256:8cc4d43cb8e1125e0ff3344e9de678fefd85db3b750b81b2240dc0183af37b35"},
    {file = "retrying-1.3.4.tar.gz", hash = "sha256:345da8c5765bd982b1d1915deb9102fd3d1f7ad16bd84a9700b85f64d24e8f3e"},
]

[package.dependencies]
six = ">=1.7.0"

[[package]]
name = "six"
version = "1.16.0"
description = "Python 2 and 3 compatibility utilities"
optional = false
python-versions = ">=2.7, !=3.0.*, !=3.1.*, !=3.2.*"
files = [
    {file = "six-1.16.0-py2.py3-none-any.whl", hash = "sha256:8abb2f1d86890a2dfb989f9a77cfcfd3e47c2a354b01111771326f8aa26e0254"},
    {file = "six-1.16.0.tar.gz", hash = "sha256:1e61c37477a1626458e36f7b1d82aa5c9b094fa4802892072e49de9c60c4c926"},
]

[metadata]
lock-version = "2.0"
python-versions = "^3.11"
content-hash = "1b0f004a10331fbaddc7b38cdd19a0b153f3b2652a16fdf02a221d974ffc5032"
